
Microsoft Visual Studio Solution File, Format Version 12.00
# Visual Studio 15
VisualStudioVersion = 15.0.27428.2027
MinimumVisualStudioVersion = 10.0.40219.1
Project("{FAE04EC0-301F-11D3-BF4B-00C04F79EFBC}") = "RevitBimbot", "RevitBimbot.csproj", "{859859F2-DBFC-4E3A-936F-D084DC455679}"
EndProject
Project("{54435603-DBB4-11D2-8724-00A0C9A8B90C}") = "RevitBimbotInstaller", "BimserverRevitPluginInstaller\BimserverRevitPluginInstaller.vdproj", "{ED1015F1-2497-4629-BA37-BE40F7D7B083}"
EndProject
Project("{FAE04EC0-301F-11D3-BF4B-00C04F79EFBC}") = "WpfBcfPanelTester", "WpfBcfPanelTester\WpfBcfPanelTester.csproj", "{7380BF2F-DE68-4A71-B60E-B54837E999B3}"
EndProject
Project("{FAE04EC0-301F-11D3-BF4B-00C04F79EFBC}") = "ReadBcfTester", "ReadBcfTester\ReadBcfTester.csproj", "{3FB42F7B-AF37-4761-B1AB-942658782B96}"
EndProject
Global
	GlobalSection(SolutionConfigurationPlatforms) = preSolution
		Debug|Any CPU = Debug|Any CPU
		Debug2016|Any CPU = Debug2016|Any CPU
		Debug2017|Any CPU = Debug2017|Any CPU
		Debug2018|Any CPU = Debug2018|Any CPU
		Release|Any CPU = Release|Any CPU
		Release2016|Any CPU = Release2016|Any CPU
		Release2017|Any CPU = Release2017|Any CPU
		Release2018|Any CPU = Release2018|Any CPU
	EndGlobalSection
	GlobalSection(ProjectConfigurationPlatforms) = postSolution
		{859859F2-DBFC-4E3A-936F-D084DC455679}.Debug|Any CPU.ActiveCfg = Debug|Any CPU
		{859859F2-DBFC-4E3A-936F-D084DC455679}.Debug|Any CPU.Build.0 = Debug|Any CPU
		{859859F2-DBFC-4E3A-936F-D084DC455679}.Debug2016|Any CPU.ActiveCfg = Debug|Any CPU
		{859859F2-DBFC-4E3A-936F-D084DC455679}.Debug2016|Any CPU.Build.0 = Debug|Any CPU
		{859859F2-DBFC-4E3A-936F-D084DC455679}.Debug2017|Any CPU.ActiveCfg = Debug2017|Any CPU
		{859859F2-DBFC-4E3A-936F-D084DC455679}.Debug2017|Any CPU.Build.0 = Debug2017|Any CPU
		{859859F2-DBFC-4E3A-936F-D084DC455679}.Debug2018|Any CPU.ActiveCfg = Debug2018|Any CPU
		{859859F2-DBFC-4E3A-936F-D084DC455679}.Debug2018|Any CPU.Build.0 = Debug2018|Any CPU
		{859859F2-DBFC-4E3A-936F-D084DC455679}.Release|Any CPU.ActiveCfg = Release|Any CPU
		{859859F2-DBFC-4E3A-936F-D084DC455679}.Release|Any CPU.Build.0 = Release|Any CPU
		{859859F2-DBFC-4E3A-936F-D084DC455679}.Release2016|Any CPU.ActiveCfg = Release2016|Any CPU
		{859859F2-DBFC-4E3A-936F-D084DC455679}.Release2016|Any CPU.Build.0 = Release2016|Any CPU
		{859859F2-DBFC-4E3A-936F-D084DC455679}.Release2017|Any CPU.ActiveCfg = Release2017|Any CPU
		{859859F2-DBFC-4E3A-936F-D084DC455679}.Release2017|Any CPU.Build.0 = Release2017|Any CPU
		{859859F2-DBFC-4E3A-936F-D084DC455679}.Release2018|Any CPU.ActiveCfg = Release2018|Any CPU
		{859859F2-DBFC-4E3A-936F-D084DC455679}.Release2018|Any CPU.Build.0 = Release2018|Any CPU
		{ED1015F1-2497-4629-BA37-BE40F7D7B083}.Debug|Any CPU.ActiveCfg = Debug
		{ED1015F1-2497-4629-BA37-BE40F7D7B083}.Debug|Any CPU.Build.0 = Debug
		{ED1015F1-2497-4629-BA37-BE40F7D7B083}.Debug2016|Any CPU.ActiveCfg = Debug
		{ED1015F1-2497-4629-BA37-BE40F7D7B083}.Debug2017|Any CPU.ActiveCfg = Debug2017
		{ED1015F1-2497-4629-BA37-BE40F7D7B083}.Debug2017|Any CPU.Build.0 = Debug2017
		{ED1015F1-2497-4629-BA37-BE40F7D7B083}.Debug2018|Any CPU.ActiveCfg = Debug2018
		{ED1015F1-2497-4629-BA37-BE40F7D7B083}.Debug2018|Any CPU.Build.0 = Debug2018
		{ED1015F1-2497-4629-BA37-BE40F7D7B083}.Release|Any CPU.ActiveCfg = Release
		{ED1015F1-2497-4629-BA37-BE40F7D7B083}.Release|Any CPU.Build.0 = Release
		{ED1015F1-2497-4629-BA37-BE40F7D7B083}.Release2016|Any CPU.ActiveCfg = Release2016
		{ED1015F1-2497-4629-BA37-BE40F7D7B083}.Release2016|Any CPU.Build.0 = Release2016
		{ED1015F1-2497-4629-BA37-BE40F7D7B083}.Release2017|Any CPU.ActiveCfg = Release2017
		{ED1015F1-2497-4629-BA37-BE40F7D7B083}.Release2017|Any CPU.Build.0 = Release2017
		{ED1015F1-2497-4629-BA37-BE40F7D7B083}.Release2018|Any CPU.ActiveCfg = Release2018
		{ED1015F1-2497-4629-BA37-BE40F7D7B083}.Release2018|Any CPU.Build.0 = Release2018
		{7380BF2F-DE68-4A71-B60E-B54837E999B3}.Debug|Any CPU.ActiveCfg = Debug|Any CPU
		{7380BF2F-DE68-4A71-B60E-B54837E999B3}.Debug|Any CPU.Build.0 = Debug|Any CPU
		{7380BF2F-DE68-4A71-B60E-B54837E999B3}.Debug2016|Any CPU.ActiveCfg = Debug|Any CPU
		{7380BF2F-DE68-4A71-B60E-B54837E999B3}.Debug2016|Any CPU.Build.0 = Debug|Any CPU
		{7380BF2F-DE68-4A71-B60E-B54837E999B3}.Debug2017|Any CPU.ActiveCfg = Debug|Any CPU
		{7380BF2F-DE68-4A71-B60E-B54837E999B3}.Debug2017|Any CPU.Build.0 = Debug|Any CPU
		{7380BF2F-DE68-4A71-B60E-B54837E999B3}.Debug2018|Any CPU.ActiveCfg = Debug|Any CPU
		{7380BF2F-DE68-4A71-B60E-B54837E999B3}.Debug2018|Any CPU.Build.0 = Debug|Any CPU
		{7380BF2F-DE68-4A71-B60E-B54837E999B3}.Release|Any CPU.ActiveCfg = Release|Any CPU
		{7380BF2F-DE68-4A71-B60E-B54837E999B3}.Release|Any CPU.Build.0 = Release|Any CPU
		{7380BF2F-DE68-4A71-B60E-B54837E999B3}.Release2016|Any CPU.ActiveCfg = Release|Any CPU
		{7380BF2F-DE68-4A71-B60E-B54837E999B3}.Release2016|Any CPU.Build.0 = Release|Any CPU
		{7380BF2F-DE68-4A71-B60E-B54837E999B3}.Release2017|Any CPU.ActiveCfg = Release|Any CPU
		{7380BF2F-DE68-4A71-B60E-B54837E999B3}.Release2017|Any CPU.Build.0 = Release|Any CPU
		{7380BF2F-DE68-4A71-B60E-B54837E999B3}.Release2018|Any CPU.ActiveCfg = Release|Any CPU
		{7380BF2F-DE68-4A71-B60E-B54837E999B3}.Release2018|Any CPU.Build.0 = Release|Any CPU
		{3FB42F7B-AF37-4761-B1AB-942658782B96}.Debug|Any CPU.ActiveCfg = Debug|Any CPU
		{3FB42F7B-AF37-4761-B1AB-942658782B96}.Debug|Any CPU.Build.0 = Debug|Any CPU
		{3FB42F7B-AF37-4761-B1AB-942658782B96}.Debug2016|Any CPU.ActiveCfg = Debug|Any CPU
		{3FB42F7B-AF37-4761-B1AB-942658782B96}.Debug2016|Any CPU.Build.0 = Debug|Any CPU
		{3FB42F7B-AF37-4761-B1AB-942658782B96}.Debug2017|Any CPU.ActiveCfg = Debug|Any CPU
		{3FB42F7B-AF37-4761-B1AB-942658782B96}.Debug2017|Any CPU.Build.0 = Debug|Any CPU
		{3FB42F7B-AF37-4761-B1AB-942658782B96}.Debug2018|Any CPU.ActiveCfg = Debug|Any CPU
		{3FB42F7B-AF37-4761-B1AB-942658782B96}.Debug2018|Any CPU.Build.0 = Debug|Any CPU
		{3FB42F7B-AF37-4761-B1AB-942658782B96}.Release|Any CPU.ActiveCfg = Release|Any CPU
		{3FB42F7B-AF37-4761-B1AB-942658782B96}.Release|Any CPU.Build.0 = Release|Any CPU
		{3FB42F7B-AF37-4761-B1AB-942658782B96}.Release2016|Any CPU.ActiveCfg = Release|Any CPU
		{3FB42F7B-AF37-4761-B1AB-942658782B96}.Release2016|Any CPU.Build.0 = Release|Any CPU
		{3FB42F7B-AF37-4761-B1AB-942658782B96}.Release2017|Any CPU.ActiveCfg = Release|Any CPU
		{3FB42F7B-AF37-4761-B1AB-942658782B96}.Release2017|Any CPU.Build.0 = Release|Any CPU
		{3FB42F7B-AF37-4761-B1AB-942658782B96}.Release2018|Any CPU.ActiveCfg = Release|Any CPU
		{3FB42F7B-AF37-4761-B1AB-942658782B96}.Release2018|Any CPU.Build.0 = Release|Any CPU
	EndGlobalSection
	GlobalSection(SolutionProperties) = preSolution
		HideSolutionNode = FALSE
	EndGlobalSection
	GlobalSection(ExtensibilityGlobals) = postSolution
		SolutionGuid = {30CDBA1C-6CAC-4182-9233-7E185100C878}
	EndGlobalSection
EndGlobal
